
Microsoft Visual Studio Solution File, Format Version 12.00
# Visual Studio Version 17
VisualStudioVersion = 17.6.33801.468
MinimumVisualStudioVersion = 10.0.40219.1
Project("{9A19103F-16F7-4668-BE54-9A1E7A4F7556}") = "PhonebookConverter", "PhonebookConverter.csproj", "{BF16DF6C-979F-48F7-B6BD-4FDCCB63CA46}"
	ProjectSection(ProjectDependencies) = postProject
		{F45A45DA-BAD8-4717-99A0-4F30BB9121CE} = {F45A45DA-BAD8-4717-99A0-4F30BB9121CE}
	EndProjectSection
EndProject
Project("{9A19103F-16F7-4668-BE54-9A1E7A4F7556}") = "PhonebookConverterNUNITTests", "..\PhonebookConverterNUNITTests\PhonebookConverterNUNITTests.csproj", "{F45A45DA-BAD8-4717-99A0-4F30BB9121CE}"
EndProject
Global
	GlobalSection(SolutionConfigurationPlatforms) = preSolution
		Debug|Any CPU = Debug|Any CPU
		Release|Any CPU = Release|Any CPU
	EndGlobalSection
	GlobalSection(ProjectConfigurationPlatforms) = postSolution
		{BF16DF6C-979F-48F7-B6BD-4FDCCB63CA46}.Debug|Any CPU.ActiveCfg = Debug|Any CPU
		{BF16DF6C-979F-48F7-B6BD-4FDCCB63CA46}.Debug|Any CPU.Build.0 = Debug|Any CPU
		{BF16DF6C-979F-48F7-B6BD-4FDCCB63CA46}.Release|Any CPU.ActiveCfg = Release|Any CPU
		{BF16DF6C-979F-48F7-B6BD-4FDCCB63CA46}.Release|Any CPU.Build.0 = Release|Any CPU
		{F45A45DA-BAD8-4717-99A0-4F30BB9121CE}.Debug|Any CPU.ActiveCfg = Debug|Any CPU
		{F45A45DA-BAD8-4717-99A0-4F30BB9121CE}.Debug|Any CPU.Build.0 = Debug|Any CPU
		{F45A45DA-BAD8-4717-99A0-4F30BB9121CE}.Release|Any CPU.ActiveCfg = Release|Any CPU
		{F45A45DA-BAD8-4717-99A0-4F30BB9121CE}.Release|Any CPU.Build.0 = Release|Any CPU
	EndGlobalSection
	GlobalSection(SolutionProperties) = preSolution
		HideSolutionNode = FALSE
	EndGlobalSection
	GlobalSection(ExtensibilityGlobals) = postSolution
		SolutionGuid = {149CC44C-F781-45FE-B898-51C22825CCFD}
	EndGlobalSection
EndGlobal
