
Microsoft Visual Studio Solution File, Format Version 12.00
# Visual Studio Version 17
VisualStudioVersion = 17.5.33424.131
MinimumVisualStudioVersion = 10.0.40219.1
Project("{9A19103F-16F7-4668-BE54-9A1E7A4F7556}") = "PhonebookConverterNUNITTests", "PhonebookConverterNUNITTests\PhonebookConverterNUNITTests.csproj", "{ED55791A-3A00-46AF-BA7B-8D06F83251CD}"
EndProject
Project("{9A19103F-16F7-4668-BE54-9A1E7A4F7556}") = "PhonebookConverter", "PhonebookConverter\PhonebookConverter.csproj", "{A85AC755-3473-4ABD-928C-CD897693075D}"
EndProject
Global
	GlobalSection(SolutionConfigurationPlatforms) = preSolution
		Debug|Any CPU = Debug|Any CPU
		Release|Any CPU = Release|Any CPU
	EndGlobalSection
	GlobalSection(ProjectConfigurationPlatforms) = postSolution
		{ED55791A-3A00-46AF-BA7B-8D06F83251CD}.Debug|Any CPU.ActiveCfg = Debug|Any CPU
		{ED55791A-3A00-46AF-BA7B-8D06F83251CD}.Debug|Any CPU.Build.0 = Debug|Any CPU
		{ED55791A-3A00-46AF-BA7B-8D06F83251CD}.Release|Any CPU.ActiveCfg = Release|Any CPU
		{ED55791A-3A00-46AF-BA7B-8D06F83251CD}.Release|Any CPU.Build.0 = Release|Any CPU
		{A85AC755-3473-4ABD-928C-CD897693075D}.Debug|Any CPU.ActiveCfg = Debug|Any CPU
		{A85AC755-3473-4ABD-928C-CD897693075D}.Debug|Any CPU.Build.0 = Debug|Any CPU
		{A85AC755-3473-4ABD-928C-CD897693075D}.Release|Any CPU.ActiveCfg = Release|Any CPU
		{A85AC755-3473-4ABD-928C-CD897693075D}.Release|Any CPU.Build.0 = Release|Any CPU
	EndGlobalSection
	GlobalSection(SolutionProperties) = preSolution
		HideSolutionNode = FALSE
	EndGlobalSection
	GlobalSection(ExtensibilityGlobals) = postSolution
		SolutionGuid = {C5C17842-D98D-46AB-B26B-4ABC6C08FB67}
	EndGlobalSection
EndGlobal
